<?xml version="1.0" encoding="utf-8"?>
<Project ToolsVersion="4.0" xmlns="http://schemas.microsoft.com/developer/msbuild/2003">
  <ItemGroup>
    <ClCompile Include="Source\Application.cpp" />
    <ClCompile Include="Source\CameraEffects\CameraEffects.cpp" />
    <ClCompile Include="Source\CameraEffects\HUD.cpp" />
    <ClCompile Include="Source\CameraEffects\ProgressBar.cpp" />
    <ClCompile Include="Source\CameraEffects\Shop.cpp" />
    <ClCompile Include="Source\CSVReader\CSVReader.cpp" />
    <ClCompile Include="Source\CSVWriter\CSVWriter.cpp" />
    <ClCompile Include="Source\main.cpp" />
    <ClCompile Include="Source\Meshes\MatrixStack.cpp" />
    <ClCompile Include="Source\Meshes\Mesh.cpp" />
    <ClCompile Include="Source\Meshes\MeshBuilder.cpp" />
    <ClCompile Include="Source\Meshes\Mtx44.cpp" />
    <ClCompile Include="Source\Scene2D\AnimatedSprites.cpp" />
    <ClCompile Include="Source\Scene2D\Bullets2D.cpp" />
    <ClCompile Include="Source\Scene2D\Enemy2D.cpp" />
    <ClCompile Include="Source\Scene2D\Entity2D.cpp" />
    <ClCompile Include="Source\Scene2D\Entity2DFactory.cpp" />
    <ClCompile Include="Source\Scene2D\Map2D.cpp" />
    <ClCompile Include="Source\Scene2D\Physics2D.cpp" />
    <ClCompile Include="Source\Scene2D\Player2D.cpp" />
    <ClCompile Include="Source\Scene2D\Scene2D.cpp" />
    <ClCompile Include="Source\Scene3D\Camera.cpp" />
    <ClCompile Include="Source\Scene3D\CrossHair\CrossHair.cpp" />
    <ClCompile Include="Source\Scene3D\CrossHair\Scope.cpp" />
    <ClCompile Include="Source\Scene3D\EntityManager.cpp" />
    <ClCompile Include="Source\Scene3D\Entity\Enemy3D.cpp" />
    <ClCompile Include="Source\Scene3D\Entity\RangeIndicator.cpp" />
    <ClCompile Include="Source\Scene3D\GroundMap.cpp" />
    <ClCompile Include="Source\Scene3D\GroundTile.cpp" />
    <ClCompile Include="Source\Scene3D\Minimap.cpp" />
    <ClCompile Include="Source\Scene3D\Physics3D.cpp" />
    <ClCompile Include="Source\Scene3D\Player3D.cpp" />
    <ClCompile Include="Source\Scene3D\Scene3D.cpp" />
    <ClCompile Include="Source\Scene3D\SceneGame3D.cpp" />
    <ClCompile Include="Source\Scene3D\SceneMenu3D.cpp" />
    <ClCompile Include="Source\Scene3D\SceneShop3D.cpp" />
    <ClCompile Include="Source\Scene3D\SkyBox.cpp" />
    <ClCompile Include="Source\Scene3D\Structure3D.cpp" />
    <ClCompile Include="Source\Scene3D\Wave.cpp" />
    <ClCompile Include="Source\Scene3D\WeaponInfo\Projectile.cpp" />
    <ClCompile Include="Source\Scene3D\WeaponInfo\Weapon.cpp" />
    <ClCompile Include="Source\Scene3D\WeaponInfo\WeaponAttachments\AttachmentBarrel.cpp" />
    <ClCompile Include="Source\Scene3D\WeaponInfo\WeaponAttachments\AttachmentExtMag.cpp" />
    <ClCompile Include="Source\Scene3D\WeaponInfo\WeaponAttachments\AttachmentScope.cpp" />
    <ClCompile Include="Source\Scene3D\WeaponInfo\WeaponInfo.cpp" />
    <ClCompile Include="Source\SceneControl\SceneManager.cpp" />
    <ClCompile Include="Source\SoundController\SoundController.cpp" />
    <ClCompile Include="Source\SoundController\SoundInfo.cpp" />
    <ClCompile Include="Source\TimeControl\FPSCounter.cpp" />
    <ClCompile Include="Source\CameraEffects\WeaponHUD.cpp" />
    <ClCompile Include="Source\Scene3D\Score.cpp" />
    <ClCompile Include="Source\Scene3D\Entity\CBoss3D.cpp" />
  </ItemGroup>
  <ItemGroup>
    <ClInclude Include="Source\Application.h" />
    <ClInclude Include="Source\CameraEffects\CameraEffects.h" />
    <ClInclude Include="Source\CameraEffects\HUD.h" />
    <ClInclude Include="Source\CameraEffects\ProgressBar.h" />
    <ClInclude Include="Source\CameraEffects\Shop.h" />
    <ClInclude Include="Source\CSVReader\CSVReader.h" />
    <ClInclude Include="Source\CSVWriter\CSVWriter.h" />
    <ClInclude Include="Source\Meshes\Material.h" />
    <ClInclude Include="Source\Meshes\MatrixStack.h" />
    <ClInclude Include="Source\Meshes\Mesh.h" />
    <ClInclude Include="Source\Meshes\MeshBuilder.h" />
    <ClInclude Include="Source\Meshes\Mtx44.h" />
    <ClInclude Include="Source\Meshes\Vertex.h" />
    <ClInclude Include="Source\Scene2D\AnimatedSprites.h" />
    <ClInclude Include="Source\Scene2D\Bullets2D.h" />
    <ClInclude Include="Source\Scene2D\Enemy2D.h" />
    <ClInclude Include="Source\Scene2D\Entity2D.h" />
    <ClInclude Include="Source\Scene2D\Entity2DFactory.h" />
    <ClInclude Include="Source\Scene2D\Map2D.h" />
    <ClInclude Include="Source\Scene2D\Physics2D.h" />
    <ClInclude Include="Source\Scene2D\Player2D.h" />
    <ClInclude Include="Source\Scene2D\Scene2D.h" />
    <ClInclude Include="Source\Scene3D\Camera.h" />
    <ClInclude Include="Source\Scene3D\CrossHair\CrossHair.h" />
    <ClInclude Include="Source\Scene3D\CrossHair\Scope.h" />
    <ClInclude Include="Source\Scene3D\EntityManager.h" />
    <ClInclude Include="Source\Scene3D\Entity\Enemy3D.h" />
    <ClInclude Include="Source\Scene3D\Entity\RangeIndicator.h" />
    <ClInclude Include="Source\Scene3D\GroundMap.h" />
    <ClInclude Include="Source\Scene3D\GroundTile.h" />
    <ClInclude Include="Source\Scene3D\Minimap.h" />
    <ClInclude Include="Source\Scene3D\Physics3D.h" />
    <ClInclude Include="Source\Scene3D\Player3D.h" />
    <ClInclude Include="Source\Scene3D\Scene3D.h" />
    <ClInclude Include="Source\Scene3D\SceneGame3D.h" />
    <ClInclude Include="Source\Scene3D\SceneMenu3D.h" />
    <ClInclude Include="Source\Scene3D\SceneShop3D.h" />
    <ClInclude Include="Source\Scene3D\SkyBox.h" />
    <ClInclude Include="Source\Scene3D\Structure3D.h" />
    <ClInclude Include="Source\Scene3D\Wave.h" />
    <ClInclude Include="Source\Scene3D\WeaponInfo\Projectile.h" />
    <ClInclude Include="Source\Scene3D\WeaponInfo\Weapon.h" />
    <ClInclude Include="Source\Scene3D\WeaponInfo\WeaponAttachments\AttachmentBarrel.h" />
    <ClInclude Include="Source\Scene3D\WeaponInfo\WeaponAttachments\AttachmentExtMag.h" />
    <ClInclude Include="Source\Scene3D\WeaponInfo\WeaponAttachments\AttachmentScope.h" />
    <ClInclude Include="Source\Scene3D\WeaponInfo\WeaponInfo.h" />
    <ClInclude Include="Source\SceneControl\SceneManager.h" />
    <ClInclude Include="Source\SoundController\SoundController.h" />
    <ClInclude Include="Source\SoundController\SoundInfo.h" />
    <ClInclude Include="Source\TimeControl\FPSCounter.h" />
    <ClInclude Include="Source\CameraEffects\WeaponHUD.h" />
    <ClInclude Include="Source\Scene3D\Score.h" />
    <ClInclude Include="Source\Scene3D\Entity\CBoss3D.h" />
  </ItemGroup>
</Project>